
Microsoft Visual Studio Solution File, Format Version 12.00
# Visual Studio 15
VisualStudioVersion = 15.0.27428.2002
MinimumVisualStudioVersion = 10.0.40219.1
Project("{2150E333-8FDC-42A3-9474-1A3956D46DE8}") = "Common", "Common", "{EB6202B2-CEF4-495E-BBC6-417EA81A0C7C}"
EndProject
Project("{2150E333-8FDC-42A3-9474-1A3956D46DE8}") = "Models", "Models", "{ACFD2433-68E5-4FC9-8E6A-730161310755}"
EndProject
Project("{2150E333-8FDC-42A3-9474-1A3956D46DE8}") = "Back-End System", "Back-End System", "{AAFD0971-3665-415D-B2B2-AB62210399EA}"
EndProject
Project("{2150E333-8FDC-42A3-9474-1A3956D46DE8}") = "Layer 1", "Layer 1", "{E64F820F-943C-46D4-AE60-BBD1BA06E724}"
EndProject
Project("{2150E333-8FDC-42A3-9474-1A3956D46DE8}") = "Data Access", "Data Access", "{4E81105F-2E0E-4F61-BEED-8AD459FAB42A}"
EndProject
Project("{2150E333-8FDC-42A3-9474-1A3956D46DE8}") = "ORM", "ORM", "{4123BBF8-CAF0-4D66-8AA3-984788FBEA09}"
EndProject
Project("{2150E333-8FDC-42A3-9474-1A3956D46DE8}") = "Repositories", "Repositories", "{DF25CD09-9C98-42A9-916C-D1BA6FF7962F}"
EndProject
Project("{2150E333-8FDC-42A3-9474-1A3956D46DE8}") = "Interfaces", "Interfaces", "{E740050E-48E7-4A5C-832E-DC77D3F88B8D}"
EndProject
Project("{2150E333-8FDC-42A3-9474-1A3956D46DE8}") = "Implementations", "Implementations", "{DDC3A6F9-DB8F-4DDB-95AD-029A0BDB08B3}"
EndProject
Project("{2150E333-8FDC-42A3-9474-1A3956D46DE8}") = "Interfaces", "Interfaces", "{2F13CAFE-2707-437A-9E7C-6F515A8AE163}"
EndProject
Project("{2150E333-8FDC-42A3-9474-1A3956D46DE8}") = "Implementations", "Implementations", "{C4A1C77C-C338-411D-842F-9B890F5D55C1}"
EndProject
Project("{2150E333-8FDC-42A3-9474-1A3956D46DE8}") = "Layer 2", "Layer 2", "{9F3C4F9B-1891-433F-B8A1-39CBCB7CD403}"
EndProject
Project("{2150E333-8FDC-42A3-9474-1A3956D46DE8}") = "Business", "Business", "{01058FA1-3FE0-4D19-A59E-24044A4453F1}"
EndProject
Project("{2150E333-8FDC-42A3-9474-1A3956D46DE8}") = "Validations", "Validations", "{151132F7-D315-4A55-8502-B6A478EC0533}"
EndProject
Project("{2150E333-8FDC-42A3-9474-1A3956D46DE8}") = "Components", "Components", "{16811CC3-A11E-4C31-8140-94A5502F78DD}"
EndProject
Project("{2150E333-8FDC-42A3-9474-1A3956D46DE8}") = "Interfaces", "Interfaces", "{0E1906BE-554D-428C-B031-EA22FDB40FEA}"
EndProject
Project("{2150E333-8FDC-42A3-9474-1A3956D46DE8}") = "Implementations", "Implementations", "{3E1DDC3D-DCE1-4E83-8F92-2D3D2148A614}"
EndProject
Project("{2150E333-8FDC-42A3-9474-1A3956D46DE8}") = "Interfaces", "Interfaces", "{473B735E-4E9A-4A2D-ACC9-05DBD2FC0720}"
EndProject
Project("{2150E333-8FDC-42A3-9474-1A3956D46DE8}") = "Implementations", "Implementations", "{6071AC09-C2D7-4A68-B56A-0D58D207C019}"
EndProject
Project("{2150E333-8FDC-42A3-9474-1A3956D46DE8}") = "Layer 3", "Layer 3", "{42055D46-D433-4B74-9DAB-C5F03882382B}"
EndProject
Project("{2150E333-8FDC-42A3-9474-1A3956D46DE8}") = "Services", "Services", "{6CF79ADC-1371-4BA7-AE7F-D8A1A163C483}"
EndProject
Project("{2150E333-8FDC-42A3-9474-1A3956D46DE8}") = "Controllers", "Controllers", "{9F1FECFF-7712-4E96-9360-32483FBD548E}"
EndProject
Project("{2150E333-8FDC-42A3-9474-1A3956D46DE8}") = "Interfaces", "Interfaces", "{C091A2DC-00FD-4F4B-909D-E07FD0C4415F}"
EndProject
Project("{2150E333-8FDC-42A3-9474-1A3956D46DE8}") = "Implementations", "Implementations", "{C8D1A7A6-5B74-4F62-800B-8A890CB79820}"
EndProject
Project("{2150E333-8FDC-42A3-9474-1A3956D46DE8}") = "Hosting", "Hosting", "{69CCF835-E008-4619-97E4-47A7DE0A962F}"
EndProject
Project("{FAE04EC0-301F-11D3-BF4B-00C04F79EFBC}") = "Microsoft.Libraries.Models", "Microsoft.Libraries.Models\Microsoft.Libraries.Models.csproj", "{30A9ADEE-C2AF-401A-9ADF-73334FEAA322}"
EndProject
Project("{FAE04EC0-301F-11D3-BF4B-00C04F79EFBC}") = "Microsoft.Libraries.ORM.Interfaces", "Microsoft.Libraries.ORM.Interfaces\Microsoft.Libraries.ORM.Interfaces.csproj", "{5253F5B6-0A6F-49EF-9136-3109E4FA199F}"
EndProject
Project("{FAE04EC0-301F-11D3-BF4B-00C04F79EFBC}") = "Microsoft.Libraries.ORM.Impl", "Microsoft.Libraries.ORM.Impl\Microsoft.Libraries.ORM.Impl.csproj", "{5A4EE305-3DD6-4BD7-91D3-9EDE55592639}"
EndProject
Project("{FAE04EC0-301F-11D3-BF4B-00C04F79EFBC}") = "Microsoft.Libraries.Repositories.Interfaces", "Microsoft.Libraries.Repositories.Interfaces\Microsoft.Libraries.Repositories.Interfaces.csproj", "{6DF95213-D3E9-4052-B569-95CBD9C825C2}"
EndProject
Project("{FAE04EC0-301F-11D3-BF4B-00C04F79EFBC}") = "Microsoft.Libraries.Repositories.Impl", "Microsoft.Libraries.Repositories.Impl\Microsoft.Libraries.Repositories.Impl.csproj", "{6D3233AC-D7BD-4C52-BB56-549AD2C2BAB8}"
EndProject
Project("{FAE04EC0-301F-11D3-BF4B-00C04F79EFBC}") = "Microsoft.Libraries.Business.Interfaces", "Microsoft.Libraries.Business.Interfaces\Microsoft.Libraries.Business.Interfaces.csproj", "{5F94B695-8448-40DE-8B64-AAA506B2C5BF}"
EndProject
Project("{FAE04EC0-301F-11D3-BF4B-00C04F79EFBC}") = "Microsoft.Libraries.Business.Impl", "Microsoft.Libraries.Business.Impl\Microsoft.Libraries.Business.Impl.csproj", "{25507BA4-BF08-4110-8928-FD6535926868}"
EndProject
Project("{FAE04EC0-301F-11D3-BF4B-00C04F79EFBC}") = "Microsoft.Libraries.Business.Validations.Interfaces", "Microsoft.Libraries.Business.Validations.Interfaces\Microsoft.Libraries.Business.Validations.Interfaces.csproj", "{B84BC6C6-9349-4355-9185-0821ABB909BA}"
EndProject
Project("{FAE04EC0-301F-11D3-BF4B-00C04F79EFBC}") = "Microsoft.Libraries.Business.Validations.Impl", "Microsoft.Libraries.Business.Validations.Impl\Microsoft.Libraries.Business.Validations.Impl.csproj", "{0B36C5DF-8DA4-4F2B-82A7-C4CE767868EA}"
EndProject
Project("{FAE04EC0-301F-11D3-BF4B-00C04F79EFBC}") = "Microsoft.Libraries.Api.Controllers.Interfaces", "Microsoft.Libraries.Api.Controllers.Interfaces\Microsoft.Libraries.Api.Controllers.Interfaces.csproj", "{E00C4451-4001-4D2C-BBA5-D8C0D2A19646}"
EndProject
Project("{FAE04EC0-301F-11D3-BF4B-00C04F79EFBC}") = "Microsoft.Libraries.Api.Controllers.Impl", "Microsoft.Libraries.Api.Controllers.Impl\Microsoft.Libraries.Api.Controllers.Impl.csproj", "{CAA851BA-FEA4-4E61-95CE-7E324F42E527}"
EndProject
Project("{FAE04EC0-301F-11D3-BF4B-00C04F79EFBC}") = "ProductServicesHosting", "ProductServicesHosting\ProductServicesHosting.csproj", "{CD4F6BDF-85EE-4AE3-92A3-750B49E3C679}"
EndProject
Project("{2150E333-8FDC-42A3-9474-1A3956D46DE8}") = "Solution Items", "Solution Items", "{3AC387A0-DCBC-4341-9D77-C5231FF4C6C3}"
	ProjectSection(SolutionItems) = preProject
		.gitignore = .gitignore
		Dockerfile = Dockerfile
		README.md = README.md
	EndProjectSection
EndProject
Global
	GlobalSection(SolutionConfigurationPlatforms) = preSolution
		Debug|Any CPU = Debug|Any CPU
		Release|Any CPU = Release|Any CPU
	EndGlobalSection
	GlobalSection(ProjectConfigurationPlatforms) = postSolution
		{30A9ADEE-C2AF-401A-9ADF-73334FEAA322}.Debug|Any CPU.ActiveCfg = Debug|Any CPU
		{30A9ADEE-C2AF-401A-9ADF-73334FEAA322}.Debug|Any CPU.Build.0 = Debug|Any CPU
		{30A9ADEE-C2AF-401A-9ADF-73334FEAA322}.Release|Any CPU.ActiveCfg = Release|Any CPU
		{30A9ADEE-C2AF-401A-9ADF-73334FEAA322}.Release|Any CPU.Build.0 = Release|Any CPU
		{5253F5B6-0A6F-49EF-9136-3109E4FA199F}.Debug|Any CPU.ActiveCfg = Debug|Any CPU
		{5253F5B6-0A6F-49EF-9136-3109E4FA199F}.Debug|Any CPU.Build.0 = Debug|Any CPU
		{5253F5B6-0A6F-49EF-9136-3109E4FA199F}.Release|Any CPU.ActiveCfg = Release|Any CPU
		{5253F5B6-0A6F-49EF-9136-3109E4FA199F}.Release|Any CPU.Build.0 = Release|Any CPU
		{5A4EE305-3DD6-4BD7-91D3-9EDE55592639}.Debug|Any CPU.ActiveCfg = Debug|Any CPU
		{5A4EE305-3DD6-4BD7-91D3-9EDE55592639}.Debug|Any CPU.Build.0 = Debug|Any CPU
		{5A4EE305-3DD6-4BD7-91D3-9EDE55592639}.Release|Any CPU.ActiveCfg = Release|Any CPU
		{5A4EE305-3DD6-4BD7-91D3-9EDE55592639}.Release|Any CPU.Build.0 = Release|Any CPU
		{6DF95213-D3E9-4052-B569-95CBD9C825C2}.Debug|Any CPU.ActiveCfg = Debug|Any CPU
		{6DF95213-D3E9-4052-B569-95CBD9C825C2}.Debug|Any CPU.Build.0 = Debug|Any CPU
		{6DF95213-D3E9-4052-B569-95CBD9C825C2}.Release|Any CPU.ActiveCfg = Release|Any CPU
		{6DF95213-D3E9-4052-B569-95CBD9C825C2}.Release|Any CPU.Build.0 = Release|Any CPU
		{6D3233AC-D7BD-4C52-BB56-549AD2C2BAB8}.Debug|Any CPU.ActiveCfg = Debug|Any CPU
		{6D3233AC-D7BD-4C52-BB56-549AD2C2BAB8}.Debug|Any CPU.Build.0 = Debug|Any CPU
		{6D3233AC-D7BD-4C52-BB56-549AD2C2BAB8}.Release|Any CPU.ActiveCfg = Release|Any CPU
		{6D3233AC-D7BD-4C52-BB56-549AD2C2BAB8}.Release|Any CPU.Build.0 = Release|Any CPU
		{5F94B695-8448-40DE-8B64-AAA506B2C5BF}.Debug|Any CPU.ActiveCfg = Debug|Any CPU
		{5F94B695-8448-40DE-8B64-AAA506B2C5BF}.Debug|Any CPU.Build.0 = Debug|Any CPU
		{5F94B695-8448-40DE-8B64-AAA506B2C5BF}.Release|Any CPU.ActiveCfg = Release|Any CPU
		{5F94B695-8448-40DE-8B64-AAA506B2C5BF}.Release|Any CPU.Build.0 = Release|Any CPU
		{25507BA4-BF08-4110-8928-FD6535926868}.Debug|Any CPU.ActiveCfg = Debug|Any CPU
		{25507BA4-BF08-4110-8928-FD6535926868}.Debug|Any CPU.Build.0 = Debug|Any CPU
		{25507BA4-BF08-4110-8928-FD6535926868}.Release|Any CPU.ActiveCfg = Release|Any CPU
		{25507BA4-BF08-4110-8928-FD6535926868}.Release|Any CPU.Build.0 = Release|Any CPU
		{B84BC6C6-9349-4355-9185-0821ABB909BA}.Debug|Any CPU.ActiveCfg = Debug|Any CPU
		{B84BC6C6-9349-4355-9185-0821ABB909BA}.Debug|Any CPU.Build.0 = Debug|Any CPU
		{B84BC6C6-9349-4355-9185-0821ABB909BA}.Release|Any CPU.ActiveCfg = Release|Any CPU
		{B84BC6C6-9349-4355-9185-0821ABB909BA}.Release|Any CPU.Build.0 = Release|Any CPU
		{0B36C5DF-8DA4-4F2B-82A7-C4CE767868EA}.Debug|Any CPU.ActiveCfg = Debug|Any CPU
		{0B36C5DF-8DA4-4F2B-82A7-C4CE767868EA}.Debug|Any CPU.Build.0 = Debug|Any CPU
		{0B36C5DF-8DA4-4F2B-82A7-C4CE767868EA}.Release|Any CPU.ActiveCfg = Release|Any CPU
		{0B36C5DF-8DA4-4F2B-82A7-C4CE767868EA}.Release|Any CPU.Build.0 = Release|Any CPU
		{E00C4451-4001-4D2C-BBA5-D8C0D2A19646}.Debug|Any CPU.ActiveCfg = Debug|Any CPU
		{E00C4451-4001-4D2C-BBA5-D8C0D2A19646}.Debug|Any CPU.Build.0 = Debug|Any CPU
		{E00C4451-4001-4D2C-BBA5-D8C0D2A19646}.Release|Any CPU.ActiveCfg = Release|Any CPU
		{E00C4451-4001-4D2C-BBA5-D8C0D2A19646}.Release|Any CPU.Build.0 = Release|Any CPU
		{CAA851BA-FEA4-4E61-95CE-7E324F42E527}.Debug|Any CPU.ActiveCfg = Debug|Any CPU
		{CAA851BA-FEA4-4E61-95CE-7E324F42E527}.Debug|Any CPU.Build.0 = Debug|Any CPU
		{CAA851BA-FEA4-4E61-95CE-7E324F42E527}.Release|Any CPU.ActiveCfg = Release|Any CPU
		{CAA851BA-FEA4-4E61-95CE-7E324F42E527}.Release|Any CPU.Build.0 = Release|Any CPU
		{CD4F6BDF-85EE-4AE3-92A3-750B49E3C679}.Debug|Any CPU.ActiveCfg = Debug|Any CPU
		{CD4F6BDF-85EE-4AE3-92A3-750B49E3C679}.Debug|Any CPU.Build.0 = Debug|Any CPU
		{CD4F6BDF-85EE-4AE3-92A3-750B49E3C679}.Release|Any CPU.ActiveCfg = Release|Any CPU
		{CD4F6BDF-85EE-4AE3-92A3-750B49E3C679}.Release|Any CPU.Build.0 = Release|Any CPU
	EndGlobalSection
	GlobalSection(SolutionProperties) = preSolution
		HideSolutionNode = FALSE
	EndGlobalSection
	GlobalSection(NestedProjects) = preSolution
		{ACFD2433-68E5-4FC9-8E6A-730161310755} = {EB6202B2-CEF4-495E-BBC6-417EA81A0C7C}
		{E64F820F-943C-46D4-AE60-BBD1BA06E724} = {AAFD0971-3665-415D-B2B2-AB62210399EA}
		{4E81105F-2E0E-4F61-BEED-8AD459FAB42A} = {E64F820F-943C-46D4-AE60-BBD1BA06E724}
		{4123BBF8-CAF0-4D66-8AA3-984788FBEA09} = {4E81105F-2E0E-4F61-BEED-8AD459FAB42A}
		{DF25CD09-9C98-42A9-916C-D1BA6FF7962F} = {4E81105F-2E0E-4F61-BEED-8AD459FAB42A}
		{E740050E-48E7-4A5C-832E-DC77D3F88B8D} = {4123BBF8-CAF0-4D66-8AA3-984788FBEA09}
		{DDC3A6F9-DB8F-4DDB-95AD-029A0BDB08B3} = {4123BBF8-CAF0-4D66-8AA3-984788FBEA09}
		{2F13CAFE-2707-437A-9E7C-6F515A8AE163} = {DF25CD09-9C98-42A9-916C-D1BA6FF7962F}
		{C4A1C77C-C338-411D-842F-9B890F5D55C1} = {DF25CD09-9C98-42A9-916C-D1BA6FF7962F}
		{9F3C4F9B-1891-433F-B8A1-39CBCB7CD403} = {AAFD0971-3665-415D-B2B2-AB62210399EA}
		{01058FA1-3FE0-4D19-A59E-24044A4453F1} = {9F3C4F9B-1891-433F-B8A1-39CBCB7CD403}
		{151132F7-D315-4A55-8502-B6A478EC0533} = {01058FA1-3FE0-4D19-A59E-24044A4453F1}
		{16811CC3-A11E-4C31-8140-94A5502F78DD} = {01058FA1-3FE0-4D19-A59E-24044A4453F1}
		{0E1906BE-554D-428C-B031-EA22FDB40FEA} = {16811CC3-A11E-4C31-8140-94A5502F78DD}
		{3E1DDC3D-DCE1-4E83-8F92-2D3D2148A614} = {16811CC3-A11E-4C31-8140-94A5502F78DD}
		{473B735E-4E9A-4A2D-ACC9-05DBD2FC0720} = {151132F7-D315-4A55-8502-B6A478EC0533}
		{6071AC09-C2D7-4A68-B56A-0D58D207C019} = {151132F7-D315-4A55-8502-B6A478EC0533}
		{42055D46-D433-4B74-9DAB-C5F03882382B} = {AAFD0971-3665-415D-B2B2-AB62210399EA}
		{6CF79ADC-1371-4BA7-AE7F-D8A1A163C483} = {42055D46-D433-4B74-9DAB-C5F03882382B}
		{9F1FECFF-7712-4E96-9360-32483FBD548E} = {6CF79ADC-1371-4BA7-AE7F-D8A1A163C483}
		{C091A2DC-00FD-4F4B-909D-E07FD0C4415F} = {9F1FECFF-7712-4E96-9360-32483FBD548E}
		{C8D1A7A6-5B74-4F62-800B-8A890CB79820} = {9F1FECFF-7712-4E96-9360-32483FBD548E}
		{69CCF835-E008-4619-97E4-47A7DE0A962F} = {6CF79ADC-1371-4BA7-AE7F-D8A1A163C483}
		{30A9ADEE-C2AF-401A-9ADF-73334FEAA322} = {ACFD2433-68E5-4FC9-8E6A-730161310755}
		{5253F5B6-0A6F-49EF-9136-3109E4FA199F} = {E740050E-48E7-4A5C-832E-DC77D3F88B8D}
		{5A4EE305-3DD6-4BD7-91D3-9EDE55592639} = {DDC3A6F9-DB8F-4DDB-95AD-029A0BDB08B3}
		{6DF95213-D3E9-4052-B569-95CBD9C825C2} = {2F13CAFE-2707-437A-9E7C-6F515A8AE163}
		{6D3233AC-D7BD-4C52-BB56-549AD2C2BAB8} = {C4A1C77C-C338-411D-842F-9B890F5D55C1}
		{5F94B695-8448-40DE-8B64-AAA506B2C5BF} = {0E1906BE-554D-428C-B031-EA22FDB40FEA}
		{25507BA4-BF08-4110-8928-FD6535926868} = {3E1DDC3D-DCE1-4E83-8F92-2D3D2148A614}
		{B84BC6C6-9349-4355-9185-0821ABB909BA} = {473B735E-4E9A-4A2D-ACC9-05DBD2FC0720}
		{0B36C5DF-8DA4-4F2B-82A7-C4CE767868EA} = {6071AC09-C2D7-4A68-B56A-0D58D207C019}
		{E00C4451-4001-4D2C-BBA5-D8C0D2A19646} = {C091A2DC-00FD-4F4B-909D-E07FD0C4415F}
		{CAA851BA-FEA4-4E61-95CE-7E324F42E527} = {C8D1A7A6-5B74-4F62-800B-8A890CB79820}
		{CD4F6BDF-85EE-4AE3-92A3-750B49E3C679} = {69CCF835-E008-4619-97E4-47A7DE0A962F}
	EndGlobalSection
	GlobalSection(ExtensibilityGlobals) = postSolution
		SolutionGuid = {1525E551-2BF8-4B4A-97A7-DD75E52DAA50}
	EndGlobalSection
EndGlobal
